PODS:
  - MSAL (1.1.18):
    - MSAL/app-lib (= 1.1.18)
  - MSAL/app-lib (1.1.18)
  - MSGraphClientModels (1.3.0)
  - MSGraphClientSDK (1.0.0):
    - MSGraphClientSDK/Authentication (= 1.0.0)
    - MSGraphClientSDK/Common (= 1.0.0)
  - MSGraphClientSDK/Authentication (1.0.0)
  - MSGraphClientSDK/Common (1.0.0):
    - MSGraphClientSDK/Authentication

DEPENDENCIES:
  - MSAL
  - MSGraphClientModels
  - MSGraphClientSDK

SPEC REPOS:
  trunk:
    - MSAL
    - MSGraphClientModels
    - MSGraphClientSDK

SPEC CHECKSUMS:
  MSAL: 048eea7160a7b8960a2359ac9135e098ec58ad34
  MSGraphClientModels: ffef6d0a1cdaa774e1689e38da35301cb74fc72a
  MSGraphClientSDK: ffc07a58a838e0702c7bf2a856367035d4a335d7

PODFILE CHECKSUM: ca09ee21f202b87109c01217ad041d77ade096bf

COCOAPODS: 1.10.1
